
Microsoft Visual Studio Solution File, Format Version 12.00
# Visual Studio 15
VisualStudioVersion = 15.0.28307.329
MinimumVisualStudioVersion = 10.0.40219.1
Project("{FAE04EC0-301F-11D3-BF4B-00C04F79EFBC}") = "PacMan", "PacMan\PacMan.csproj", "{E4F95C3E-59F3-45FB-9758-F2AD06D3E82F}"
EndProject
Project("{FAE04EC0-301F-11D3-BF4B-00C04F79EFBC}") = "Core", "Core\Core.csproj", "{6BC78DD5-B2FD-4646-9365-A1741A4D49EB}"
EndProject
Project("{FAE04EC0-301F-11D3-BF4B-00C04F79EFBC}") = "Services", "Services\Services.csproj", "{9C4EA633-D21E-4929-8755-F28384952473}"
EndProject
Project("{FAE04EC0-301F-11D3-BF4B-00C04F79EFBC}") = "DataLayer", "DataLayer\DataLayer.csproj", "{84C77F8C-C609-45C5-985D-56894E953F4E}"
EndProject
Project("{FAE04EC0-301F-11D3-BF4B-00C04F79EFBC}") = "UnitTests", "UnitTests\UnitTests.csproj", "{A4B0FEF0-2EF5-4427-B615-B35C28AC4FFC}"
EndProject
Project("{FAE04EC0-301F-11D3-BF4B-00C04F79EFBC}") = "CustomGamePlugin", "CustomGamePlugin\CustomGamePlugin.csproj", "{E44BEB8C-E241-4D8F-8844-2BEEBAD8BE9F}"
EndProject
Global
	GlobalSection(SolutionConfigurationPlatforms) = preSolution
		Debug|Any CPU = Debug|Any CPU
		Debug|ARM = Debug|ARM
		Debug|ARM64 = Debug|ARM64
		Debug|x64 = Debug|x64
		Debug|x86 = Debug|x86
		Release|Any CPU = Release|Any CPU
		Release|ARM = Release|ARM
		Release|ARM64 = Release|ARM64
		Release|x64 = Release|x64
		Release|x86 = Release|x86
	EndGlobalSection
	GlobalSection(ProjectConfigurationPlatforms) = postSolution
		{E4F95C3E-59F3-45FB-9758-F2AD06D3E82F}.Debug|Any CPU.ActiveCfg = Debug|Any CPU
		{E4F95C3E-59F3-45FB-9758-F2AD06D3E82F}.Debug|Any CPU.Build.0 = Debug|Any CPU
		{E4F95C3E-59F3-45FB-9758-F2AD06D3E82F}.Debug|ARM.ActiveCfg = Debug|Any CPU
		{E4F95C3E-59F3-45FB-9758-F2AD06D3E82F}.Debug|ARM.Build.0 = Debug|Any CPU
		{E4F95C3E-59F3-45FB-9758-F2AD06D3E82F}.Debug|ARM64.ActiveCfg = Debug|Any CPU
		{E4F95C3E-59F3-45FB-9758-F2AD06D3E82F}.Debug|ARM64.Build.0 = Debug|Any CPU
		{E4F95C3E-59F3-45FB-9758-F2AD06D3E82F}.Debug|x64.ActiveCfg = Debug|Any CPU
		{E4F95C3E-59F3-45FB-9758-F2AD06D3E82F}.Debug|x64.Build.0 = Debug|Any CPU
		{E4F95C3E-59F3-45FB-9758-F2AD06D3E82F}.Debug|x86.ActiveCfg = Debug|Any CPU
		{E4F95C3E-59F3-45FB-9758-F2AD06D3E82F}.Debug|x86.Build.0 = Debug|Any CPU
		{E4F95C3E-59F3-45FB-9758-F2AD06D3E82F}.Release|Any CPU.ActiveCfg = Release|Any CPU
		{E4F95C3E-59F3-45FB-9758-F2AD06D3E82F}.Release|Any CPU.Build.0 = Release|Any CPU
		{E4F95C3E-59F3-45FB-9758-F2AD06D3E82F}.Release|ARM.ActiveCfg = Release|Any CPU
		{E4F95C3E-59F3-45FB-9758-F2AD06D3E82F}.Release|ARM.Build.0 = Release|Any CPU
		{E4F95C3E-59F3-45FB-9758-F2AD06D3E82F}.Release|ARM64.ActiveCfg = Release|Any CPU
		{E4F95C3E-59F3-45FB-9758-F2AD06D3E82F}.Release|ARM64.Build.0 = Release|Any CPU
		{E4F95C3E-59F3-45FB-9758-F2AD06D3E82F}.Release|x64.ActiveCfg = Release|Any CPU
		{E4F95C3E-59F3-45FB-9758-F2AD06D3E82F}.Release|x64.Build.0 = Release|Any CPU
		{E4F95C3E-59F3-45FB-9758-F2AD06D3E82F}.Release|x86.ActiveCfg = Release|Any CPU
		{E4F95C3E-59F3-45FB-9758-F2AD06D3E82F}.Release|x86.Build.0 = Release|Any CPU
		{6BC78DD5-B2FD-4646-9365-A1741A4D49EB}.Debug|Any CPU.ActiveCfg = Debug|Any CPU
		{6BC78DD5-B2FD-4646-9365-A1741A4D49EB}.Debug|Any CPU.Build.0 = Debug|Any CPU
		{6BC78DD5-B2FD-4646-9365-A1741A4D49EB}.Debug|ARM.ActiveCfg = Debug|Any CPU
		{6BC78DD5-B2FD-4646-9365-A1741A4D49EB}.Debug|ARM.Build.0 = Debug|Any CPU
		{6BC78DD5-B2FD-4646-9365-A1741A4D49EB}.Debug|ARM64.ActiveCfg = Debug|Any CPU
		{6BC78DD5-B2FD-4646-9365-A1741A4D49EB}.Debug|ARM64.Build.0 = Debug|Any CPU
		{6BC78DD5-B2FD-4646-9365-A1741A4D49EB}.Debug|x64.ActiveCfg = Debug|Any CPU
		{6BC78DD5-B2FD-4646-9365-A1741A4D49EB}.Debug|x64.Build.0 = Debug|Any CPU
		{6BC78DD5-B2FD-4646-9365-A1741A4D49EB}.Debug|x86.ActiveCfg = Debug|Any CPU
		{6BC78DD5-B2FD-4646-9365-A1741A4D49EB}.Debug|x86.Build.0 = Debug|Any CPU
		{6BC78DD5-B2FD-4646-9365-A1741A4D49EB}.Release|Any CPU.ActiveCfg = Release|Any CPU
		{6BC78DD5-B2FD-4646-9365-A1741A4D49EB}.Release|Any CPU.Build.0 = Release|Any CPU
		{6BC78DD5-B2FD-4646-9365-A1741A4D49EB}.Release|ARM.ActiveCfg = Release|Any CPU
		{6BC78DD5-B2FD-4646-9365-A1741A4D49EB}.Release|ARM.Build.0 = Release|Any CPU
		{6BC78DD5-B2FD-4646-9365-A1741A4D49EB}.Release|ARM64.ActiveCfg = Release|Any CPU
		{6BC78DD5-B2FD-4646-9365-A1741A4D49EB}.Release|ARM64.Build.0 = Release|Any CPU
		{6BC78DD5-B2FD-4646-9365-A1741A4D49EB}.Release|x64.ActiveCfg = Release|Any CPU
		{6BC78DD5-B2FD-4646-9365-A1741A4D49EB}.Release|x64.Build.0 = Release|Any CPU
		{6BC78DD5-B2FD-4646-9365-A1741A4D49EB}.Release|x86.ActiveCfg = Release|Any CPU
		{6BC78DD5-B2FD-4646-9365-A1741A4D49EB}.Release|x86.Build.0 = Release|Any CPU
		{9C4EA633-D21E-4929-8755-F28384952473}.Debug|Any CPU.ActiveCfg = Debug|Any CPU
		{9C4EA633-D21E-4929-8755-F28384952473}.Debug|Any CPU.Build.0 = Debug|Any CPU
		{9C4EA633-D21E-4929-8755-F28384952473}.Debug|ARM.ActiveCfg = Debug|Any CPU
		{9C4EA633-D21E-4929-8755-F28384952473}.Debug|ARM.Build.0 = Debug|Any CPU
		{9C4EA633-D21E-4929-8755-F28384952473}.Debug|ARM64.ActiveCfg = Debug|Any CPU
		{9C4EA633-D21E-4929-8755-F28384952473}.Debug|ARM64.Build.0 = Debug|Any CPU
		{9C4EA633-D21E-4929-8755-F28384952473}.Debug|x64.ActiveCfg = Debug|Any CPU
		{9C4EA633-D21E-4929-8755-F28384952473}.Debug|x64.Build.0 = Debug|Any CPU
		{9C4EA633-D21E-4929-8755-F28384952473}.Debug|x86.ActiveCfg = Debug|Any CPU
		{9C4EA633-D21E-4929-8755-F28384952473}.Debug|x86.Build.0 = Debug|Any CPU
		{9C4EA633-D21E-4929-8755-F28384952473}.Release|Any CPU.ActiveCfg = Release|Any CPU
		{9C4EA633-D21E-4929-8755-F28384952473}.Release|Any CPU.Build.0 = Release|Any CPU
		{9C4EA633-D21E-4929-8755-F28384952473}.Release|ARM.ActiveCfg = Release|Any CPU
		{9C4EA633-D21E-4929-8755-F28384952473}.Release|ARM.Build.0 = Release|Any CPU
		{9C4EA633-D21E-4929-8755-F28384952473}.Release|ARM64.ActiveCfg = Release|Any CPU
		{9C4EA633-D21E-4929-8755-F28384952473}.Release|ARM64.Build.0 = Release|Any CPU
		{9C4EA633-D21E-4929-8755-F28384952473}.Release|x64.ActiveCfg = Release|Any CPU
		{9C4EA633-D21E-4929-8755-F28384952473}.Release|x64.Build.0 = Release|Any CPU
		{9C4EA633-D21E-4929-8755-F28384952473}.Release|x86.ActiveCfg = Release|Any CPU
		{9C4EA633-D21E-4929-8755-F28384952473}.Release|x86.Build.0 = Release|Any CPU
		{84C77F8C-C609-45C5-985D-56894E953F4E}.Debug|Any CPU.ActiveCfg = Debug|Any CPU
		{84C77F8C-C609-45C5-985D-56894E953F4E}.Debug|Any CPU.Build.0 = Debug|Any CPU
		{84C77F8C-C609-45C5-985D-56894E953F4E}.Debug|ARM.ActiveCfg = Debug|Any CPU
		{84C77F8C-C609-45C5-985D-56894E953F4E}.Debug|ARM.Build.0 = Debug|Any CPU
		{84C77F8C-C609-45C5-985D-56894E953F4E}.Debug|ARM64.ActiveCfg = Debug|Any CPU
		{84C77F8C-C609-45C5-985D-56894E953F4E}.Debug|ARM64.Build.0 = Debug|Any CPU
		{84C77F8C-C609-45C5-985D-56894E953F4E}.Debug|x64.ActiveCfg = Debug|Any CPU
		{84C77F8C-C609-45C5-985D-56894E953F4E}.Debug|x64.Build.0 = Debug|Any CPU
		{84C77F8C-C609-45C5-985D-56894E953F4E}.Debug|x86.ActiveCfg = Debug|Any CPU
		{84C77F8C-C609-45C5-985D-56894E953F4E}.Debug|x86.Build.0 = Debug|Any CPU
		{84C77F8C-C609-45C5-985D-56894E953F4E}.Release|Any CPU.ActiveCfg = Release|Any CPU
		{84C77F8C-C609-45C5-985D-56894E953F4E}.Release|Any CPU.Build.0 = Release|Any CPU
		{84C77F8C-C609-45C5-985D-56894E953F4E}.Release|ARM.ActiveCfg = Release|Any CPU
		{84C77F8C-C609-45C5-985D-56894E953F4E}.Release|ARM.Build.0 = Release|Any CPU
		{84C77F8C-C609-45C5-985D-56894E953F4E}.Release|ARM64.ActiveCfg = Release|Any CPU
		{84C77F8C-C609-45C5-985D-56894E953F4E}.Release|ARM64.Build.0 = Release|Any CPU
		{84C77F8C-C609-45C5-985D-56894E953F4E}.Release|x64.ActiveCfg = Release|Any CPU
		{84C77F8C-C609-45C5-985D-56894E953F4E}.Release|x64.Build.0 = Release|Any CPU
		{84C77F8C-C609-45C5-985D-56894E953F4E}.Release|x86.ActiveCfg = Release|Any CPU
		{84C77F8C-C609-45C5-985D-56894E953F4E}.Release|x86.Build.0 = Release|Any CPU
		{A4B0FEF0-2EF5-4427-B615-B35C28AC4FFC}.Debug|Any CPU.ActiveCfg = Debug|Any CPU
		{A4B0FEF0-2EF5-4427-B615-B35C28AC4FFC}.Debug|Any CPU.Build.0 = Debug|Any CPU
		{A4B0FEF0-2EF5-4427-B615-B35C28AC4FFC}.Debug|ARM.ActiveCfg = Debug|Any CPU
		{A4B0FEF0-2EF5-4427-B615-B35C28AC4FFC}.Debug|ARM.Build.0 = Debug|Any CPU
		{A4B0FEF0-2EF5-4427-B615-B35C28AC4FFC}.Debug|ARM64.ActiveCfg = Debug|Any CPU
		{A4B0FEF0-2EF5-4427-B615-B35C28AC4FFC}.Debug|ARM64.Build.0 = Debug|Any CPU
		{A4B0FEF0-2EF5-4427-B615-B35C28AC4FFC}.Debug|x64.ActiveCfg = Debug|Any CPU
		{A4B0FEF0-2EF5-4427-B615-B35C28AC4FFC}.Debug|x64.Build.0 = Debug|Any CPU
		{A4B0FEF0-2EF5-4427-B615-B35C28AC4FFC}.Debug|x86.ActiveCfg = Debug|Any CPU
		{A4B0FEF0-2EF5-4427-B615-B35C28AC4FFC}.Debug|x86.Build.0 = Debug|Any CPU
		{A4B0FEF0-2EF5-4427-B615-B35C28AC4FFC}.Release|Any CPU.ActiveCfg = Release|Any CPU
		{A4B0FEF0-2EF5-4427-B615-B35C28AC4FFC}.Release|Any CPU.Build.0 = Release|Any CPU
		{A4B0FEF0-2EF5-4427-B615-B35C28AC4FFC}.Release|ARM.ActiveCfg = Release|Any CPU
		{A4B0FEF0-2EF5-4427-B615-B35C28AC4FFC}.Release|ARM.Build.0 = Release|Any CPU
		{A4B0FEF0-2EF5-4427-B615-B35C28AC4FFC}.Release|ARM64.ActiveCfg = Release|Any CPU
		{A4B0FEF0-2EF5-4427-B615-B35C28AC4FFC}.Release|ARM64.Build.0 = Release|Any CPU
		{A4B0FEF0-2EF5-4427-B615-B35C28AC4FFC}.Release|x64.ActiveCfg = Release|Any CPU
		{A4B0FEF0-2EF5-4427-B615-B35C28AC4FFC}.Release|x64.Build.0 = Release|Any CPU
		{A4B0FEF0-2EF5-4427-B615-B35C28AC4FFC}.Release|x86.ActiveCfg = Release|Any CPU
		{A4B0FEF0-2EF5-4427-B615-B35C28AC4FFC}.Release|x86.Build.0 = Release|Any CPU
		{E44BEB8C-E241-4D8F-8844-2BEEBAD8BE9F}.Debug|Any CPU.ActiveCfg = Debug|Any CPU
		{E44BEB8C-E241-4D8F-8844-2BEEBAD8BE9F}.Debug|Any CPU.Build.0 = Debug|Any CPU
		{E44BEB8C-E241-4D8F-8844-2BEEBAD8BE9F}.Debug|ARM.ActiveCfg = Debug|Any CPU
		{E44BEB8C-E241-4D8F-8844-2BEEBAD8BE9F}.Debug|ARM.Build.0 = Debug|Any CPU
		{E44BEB8C-E241-4D8F-8844-2BEEBAD8BE9F}.Debug|ARM64.ActiveCfg = Debug|Any CPU
		{E44BEB8C-E241-4D8F-8844-2BEEBAD8BE9F}.Debug|ARM64.Build.0 = Debug|Any CPU
		{E44BEB8C-E241-4D8F-8844-2BEEBAD8BE9F}.Debug|x64.ActiveCfg = Debug|Any CPU
		{E44BEB8C-E241-4D8F-8844-2BEEBAD8BE9F}.Debug|x64.Build.0 = Debug|Any CPU
		{E44BEB8C-E241-4D8F-8844-2BEEBAD8BE9F}.Debug|x86.ActiveCfg = Debug|Any CPU
		{E44BEB8C-E241-4D8F-8844-2BEEBAD8BE9F}.Debug|x86.Build.0 = Debug|Any CPU
		{E44BEB8C-E241-4D8F-8844-2BEEBAD8BE9F}.Release|Any CPU.ActiveCfg = Release|Any CPU
		{E44BEB8C-E241-4D8F-8844-2BEEBAD8BE9F}.Release|Any CPU.Build.0 = Release|Any CPU
		{E44BEB8C-E241-4D8F-8844-2BEEBAD8BE9F}.Release|ARM.ActiveCfg = Release|Any CPU
		{E44BEB8C-E241-4D8F-8844-2BEEBAD8BE9F}.Release|ARM.Build.0 = Release|Any CPU
		{E44BEB8C-E241-4D8F-8844-2BEEBAD8BE9F}.Release|ARM64.ActiveCfg = Release|Any CPU
		{E44BEB8C-E241-4D8F-8844-2BEEBAD8BE9F}.Release|ARM64.Build.0 = Release|Any CPU
		{E44BEB8C-E241-4D8F-8844-2BEEBAD8BE9F}.Release|x64.ActiveCfg = Release|Any CPU
		{E44BEB8C-E241-4D8F-8844-2BEEBAD8BE9F}.Release|x64.Build.0 = Release|Any CPU
		{E44BEB8C-E241-4D8F-8844-2BEEBAD8BE9F}.Release|x86.ActiveCfg = Release|Any CPU
		{E44BEB8C-E241-4D8F-8844-2BEEBAD8BE9F}.Release|x86.Build.0 = Release|Any CPU
	EndGlobalSection
	GlobalSection(SolutionProperties) = preSolution
		HideSolutionNode = FALSE
	EndGlobalSection
	GlobalSection(ExtensibilityGlobals) = postSolution
		SolutionGuid = {A5BF97AF-F9BC-422B-A308-3834753F7502}
	EndGlobalSection
EndGlobal
